// !$*UTF8*$!
{
	archiveVersion = 1;
	classes = {
	};
	objectVersion = 56;
	objects = {

/* Begin PBXBuildFile section */
		568727042CA1B5E70063A864 /* AppDelegate.m in Sources */ = {isa = PBXBuildFile; fileRef = 568727032CA1B5E70063A864 /* AppDelegate.m */; };
		568727072CA1B5E70063A864 /* SceneDelegate.m in Sources */ = {isa = PBXBuildFile; fileRef = 568727062CA1B5E70063A864 /* SceneDelegate.m */; };
		5687270A2CA1B5E70063A864 /* ViewController.m in Sources */ = {isa = PBXBuildFile; fileRef = 568727092CA1B5E70063A864 /* ViewController.m */; };
		5687270D2CA1B5E70063A864 /* Base in Resources */ = {isa = PBXBuildFile; fileRef = 5687270C2CA1B5E70063A864 /* Base */; };
		5687270F2CA1B5E80063A864 /* Assets.xcassets in Resources */ = {isa = PBXBuildFile; fileRef = 5687270E2CA1B5E80063A864 /* Assets.xcassets */; };
		568727122CA1B5E80063A864 /* Base in Resources */ = {isa = PBXBuildFile; fileRef = 568727112CA1B5E80063A864 /* Base */; };
		568727152CA1B5E80063A864 /* main.m in Sources */ = {isa = PBXBuildFile; fileRef = 568727142CA1B5E80063A864 /* main.m */; };
		5687271F2CA1B5E80063A864 /* study_OC_WYnewsTests.m in Sources */ = {isa = PBXBuildFile; fileRef = 5687271E2CA1B5E80063A864 /* study_OC_WYnewsTests.m */; };
		568727292CA1B5E80063A864 /* study_OC_WYnewsUITests.m in Sources */ = {isa = PBXBuildFile; fileRef = 568727282CA1B5E80063A864 /* study_OC_WYnewsUITests.m */; };
		5687272B2CA1B5E80063A864 /* study_OC_WYnewsUITestsLaunchTests.m in Sources */ = {isa = PBXBuildFile; fileRef = 5687272A2CA1B5E80063A864 /* study_OC_WYnewsUITestsLaunchTests.m */; };
/* End PBXBuildFile section */

/* Begin PBXContainerItemProxy section */
		5687271B2CA1B5E80063A864 /* PBXContainerItemProxy */ = {
			isa = PBXContainerItemProxy;
			containerPortal = 568726F72CA1B5E70063A864 /* Project object */;
			proxyType = 1;
			remoteGlobalIDString = 568726FE2CA1B5E70063A864;
			remoteInfo = "study-OC-WYnews";
		};
		568727252CA1B5E80063A864 /* PBXContainerItemProxy */ = {
			isa = PBXContainerItemProxy;
			containerPortal = 568726F72CA1B5E70063A864 /* Project object */;
			proxyType = 1;
			remoteGlobalIDString = 568726FE2CA1B5E70063A864;
			remoteInfo = "study-OC-WYnews";
		};
/* End PBXContainerItemProxy section */

/* Begin PBXFileReference section */
		568726FF2CA1B5E70063A864 /* study-OC-WYnews.app */ = {isa = PBXFileReference; explicitFileType = wrapper.application; includeInIndex = 0; path = "study-OC-WYnews.app"; sourceTree = BUILT_PRODUCTS_DIR; };
		568727022CA1B5E70063A864 /* AppDelegate.h */ = {isa = PBXFileReference; lastKnownFileType = sourcecode.c.h; path = AppDelegate.h; sourceTree = "<group>"; };
		568727032CA1B5E70063A864 /* AppDelegate.m */ = {isa = PBXFileReference; lastKnownFileType = sourcecode.c.objc; path = AppDelegate.m; sourceTree = "<group>"; };
		568727052CA1B5E70063A864 /* SceneDelegate.h */ = {isa = PBXFileReference; lastKnownFileType = sourcecode.c.h; path = SceneDelegate.h; sourceTree = "<group>"; };
		568727062CA1B5E70063A864 /* SceneDelegate.m */ = {isa = PBXFileReference; lastKnownFileType = sourcecode.c.objc; path = SceneDelegate.m; sourceTree = "<group>"; };
		568727082CA1B5E70063A864 /* ViewController.h */ = {isa = PBXFileReference; lastKnownFileType = sourcecode.c.h; path = ViewController.h; sourceTree = "<group>"; };
		568727092CA1B5E70063A864 /* ViewController.m */ = {isa = PBXFileReference; lastKnownFileType = sourcecode.c.objc; path = ViewController.m; sourceTree = "<group>"; };
		5687270C2CA1B5E70063A864 /* Base */ = {isa = PBXFileReference; lastKnownFileType = file.storyboard; name = Base; path = Base.lproj/Main.storyboard; sourceTree = "<group>"; };
		5687270E2CA1B5E80063A864 /* Assets.xcassets */ = {isa = PBXFileReference; lastKnownFileType = folder.assetcatalog; path = Assets.xcassets; sourceTree = "<group>"; };
		568727112CA1B5E80063A864 /* Base */ = {isa = PBXFileReference; lastKnownFileType = file.storyboard; name = Base; path = Base.lproj/LaunchScreen.storyboard; sourceTree = "<group>"; };
		568727132CA1B5E80063A864 /* Info.plist */ = {isa = PBXFileReference; lastKnownFileType = text.plist.xml; path = Info.plist; sourceTree = "<group>"; };
		568727142CA1B5E80063A864 /* main.m */ = {isa = PBXFileReference; lastKnownFileType = sourcecode.c.objc; path = main.m; sourceTree = "<group>"; };
		5687271A2CA1B5E80063A864 /* study-OC-WYnewsTests.xctest */ = {isa = PBXFileReference; explicitFileType = wrapper.cfbundle; includeInIndex = 0; path = "study-OC-WYnewsTests.xctest"; sourceTree = BUILT_PRODUCTS_DIR; };
		5687271E2CA1B5E80063A864 /* study_OC_WYnewsTests.m */ = {isa = PBXFileReference; lastKnownFileType = sourcecode.c.objc; path = study_OC_WYnewsTests.m; sourceTree = "<group>"; };
		568727242CA1B5E80063A864 /* study-OC-WYnewsUITests.xctest */ = {isa = PBXFileReference; explicitFileType = wrapper.cfbundle; includeInIndex = 0; path = "study-OC-WYnewsUITests.xctest"; sourceTree = BUILT_PRODUCTS_DIR; };
		568727282CA1B5E80063A864 /* study_OC_WYnewsUITests.m */ = {isa = PBXFileReference; lastKnownFileType = sourcecode.c.objc; path = study_OC_WYnewsUITests.m; sourceTree = "<group>"; };
		5687272A2CA1B5E80063A864 /* study_OC_WYnewsUITestsLaunchTests.m */ = {isa = PBXFileReference; lastKnownFileType = sourcecode.c.objc; path = study_OC_WYnewsUITestsLaunchTests.m; sourceTree = "<group>"; };
/* End PBXFileReference section */

/* Begin PBXFrameworksBuildPhase section */
		568726FC2CA1B5E70063A864 /* Frameworks */ = {
			isa = PBXFrameworksBuildPhase;
			buildActionMask = 2147483647;
			files = (
			);
			runOnlyForDeploymentPostprocessing = 0;
		};
		568727172CA1B5E80063A864 /* Frameworks */ = {
			isa = PBXFrameworksBuildPhase;
			buildActionMask = 2147483647;
			files = (
			);
			runOnlyForDeploymentPostprocessing = 0;
		};
		568727212CA1B5E80063A864 /* Frameworks */ = {
			isa = PBXFrameworksBuildPhase;
			buildActionMask = 2147483647;
			files = (
			);
			runOnlyForDeploymentPostprocessing = 0;
		};
/* End PBXFrameworksBuildPhase section */

/* Begin PBXGroup section */
		568726F62CA1B5E70063A864 = {
			isa = PBXGroup;
			children = (
				568727012CA1B5E70063A864 /* study-OC-WYnews */,
				5687271D2CA1B5E80063A864 /* study-OC-WYnewsTests */,
				568727272CA1B5E80063A864 /* study-OC-WYnewsUITests */,
				568727002CA1B5E70063A864 /* Products */,
			);
			sourceTree = "<group>";
		};
		568727002CA1B5E70063A864 /* Products */ = {
			isa = PBXGroup;
			children = (
				568726FF2CA1B5E70063A864 /* study-OC-WYnews.app */,
				5687271A2CA1B5E80063A864 /* study-OC-WYnewsTests.xctest */,
				568727242CA1B5E80063A864 /* study-OC-WYnewsUITests.xctest */,
			);
			name = Products;
			sourceTree = "<group>";
		};
		568727012CA1B5E70063A864 /* study-OC-WYnews */ = {
			isa = PBXGroup;
			children = (
				568727022CA1B5E70063A864 /* AppDelegate.h */,
				568727032CA1B5E70063A864 /* AppDelegate.m */,
				568727052CA1B5E70063A864 /* SceneDelegate.h */,
				568727062CA1B5E70063A864 /* SceneDelegate.m */,
				568727082CA1B5E70063A864 /* ViewController.h */,
				568727092CA1B5E70063A864 /* ViewController.m */,
				5687270B2CA1B5E70063A864 /* Main.storyboard */,
				5687270E2CA1B5E80063A864 /* Assets.xcassets */,
				568727102CA1B5E80063A864 /* LaunchScreen.storyboard */,
				568727132CA1B5E80063A864 /* Info.plist */,
				568727142CA1B5E80063A864 /* main.m */,
			);
			path = "study-OC-WYnews";
			sourceTree = "<group>";
		};
		5687271D2CA1B5E80063A864 /* study-OC-WYnewsTests */ = {
			isa = PBXGroup;
			children = (
				5687271E2CA1B5E80063A864 /* study_OC_WYnewsTests.m */,
			);
			path = "study-OC-WYnewsTests";
			sourceTree = "<group>";
		};
		568727272CA1B5E80063A864 /* study-OC-WYnewsUITests */ = {
			isa = PBXGroup;
			children = (
				568727282CA1B5E80063A864 /* study_OC_WYnewsUITests.m */,
				5687272A2CA1B5E80063A864 /* study_OC_WYnewsUITestsLaunchTests.m */,
			);
			path = "study-OC-WYnewsUITests";
			sourceTree = "<group>";
		};
/* End PBXGroup section */

/* Begin PBXNativeTarget section */
		568726FE2CA1B5E70063A864 /* study-OC-WYnews */ = {
			isa = PBXNativeTarget;
			buildConfigurationList = 5687272E2CA1B5E80063A864 /* Build configuration list for PBXNativeTarget "study-OC-WYnews" */;
			buildPhases = (
				568726FB2CA1B5E70063A864 /* Sources */,
				568726FC2CA1B5E70063A864 /* Frameworks */,
				568726FD2CA1B5E70063A864 /* Resources */,
			);
			buildRules = (
			);
			dependencies = (
			);
			name = "study-OC-WYnews";
			productName = "study-OC-WYnews";
			productReference = 568726FF2CA1B5E70063A864 /* study-OC-WYnews.app */;
			productType = "com.apple.product-type.application";
		};
		568727192CA1B5E80063A864 /* study-OC-WYnewsTests */ = {
			isa = PBXNativeTarget;
			buildConfigurationList = 568727312CA1B5E80063A864 /* Build configuration list for PBXNativeTarget "study-OC-WYnewsTests" */;
			buildPhases = (
				568727162CA1B5E80063A864 /* Sources */,
				568727172CA1B5E80063A864 /* Frameworks */,
				568727182CA1B5E80063A864 /* Resources */,
			);
			buildRules = (
			);
			dependencies = (
				5687271C2CA1B5E80063A864 /* PBXTargetDependency */,
			);
			name = "study-OC-WYnewsTests";
			productName = "study-OC-WYnewsTests";
			productReference = 5687271A2CA1B5E80063A864 /* study-OC-WYnewsTests.xctest */;
			productType = "com.apple.product-type.bundle.unit-test";
		};
		568727232CA1B5E80063A864 /* study-OC-WYnewsUITests */ = {
			isa = PBXNativeTarget;
			buildConfigurationList = 568727342CA1B5E80063A864 /* Build configuration list for PBXNativeTarget "study-OC-WYnewsUITests" */;
			buildPhases = (
				568727202CA1B5E80063A864 /* Sources */,
				568727212CA1B5E80063A864 /* Frameworks */,
				568727222CA1B5E80063A864 /* Resources */,
			);
			buildRules = (
			);
			dependencies = (
				568727262CA1B5E80063A864 /* PBXTargetDependency */,
			);
			name = "study-OC-WYnewsUITests";
			productName = "study-OC-WYnewsUITests";
			productReference = 568727242CA1B5E80063A864 /* study-OC-WYnewsUITests.xctest */;
			productType = "com.apple.product-type.bundle.ui-testing";
		};
/* End PBXNativeTarget section */

/* Begin PBXProject section */
		568726F72CA1B5E70063A864 /* Project object */ = {
			isa = PBXProject;
			attributes = {
				BuildIndependentTargetsInParallel = 1;
				LastUpgradeCheck = 1540;
				TargetAttributes = {
					568726FE2CA1B5E70063A864 = {
						CreatedOnToolsVersion = 15.4;
					};
					568727192CA1B5E80063A864 = {
						CreatedOnToolsVersion = 15.4;
						TestTargetID = 568726FE2CA1B5E70063A864;
					};
					568727232CA1B5E80063A864 = {
						CreatedOnToolsVersion = 15.4;
						TestTargetID = 568726FE2CA1B5E70063A864;
					};
				};
			};
			buildConfigurationList = 568726FA2CA1B5E70063A864 /* Build configuration list for PBXProject "study-OC-WYnews" */;
			compatibilityVersion = "Xcode 14.0";
			developmentRegion = en;
			hasScannedForEncodings = 0;
			knownRegions = (
				en,
				Base,
			);
			mainGroup = 568726F62CA1B5E70063A864;
			productRefGroup = 568727002CA1B5E70063A864 /* Products */;
			projectDirPath = "";
			projectRoot = "";
			targets = (
				568726FE2CA1B5E70063A864 /* study-OC-WYnews */,
				568727192CA1B5E80063A864 /* study-OC-WYnewsTests */,
				568727232CA1B5E80063A864 /* study-OC-WYnewsUITests */,
			);
		};
/* End PBXProject section */

/* Begin PBXResourcesBuildPhase section */
		568726FD2CA1B5E70063A864 /* Resources */ = {
			isa = PBXResourcesBuildPhase;
			buildActionMask = 2147483647;
			files = (
				5687270F2CA1B5E80063A864 /* Assets.xcassets in Resources */,
				568727122CA1B5E80063A864 /* Base in Resources */,
				5687270D2CA1B5E70063A864 /* Base in Resources */,
			);
			runOnlyForDeploymentPostprocessing = 0;
		};
		568727182CA1B5E80063A864 /* Resources */ = {
			isa = PBXResourcesBuildPhase;
			buildActionMask = 2147483647;
			files = (
			);
			runOnlyForDeploymentPostprocessing = 0;
		};
		568727222CA1B5E80063A864 /* Resources */ = {
			isa = PBXResourcesBuildPhase;
			buildActionMask = 2147483647;
			files = (
			);
			runOnlyForDeploymentPostprocessing = 0;
		};
/* End PBXResourcesBuildPhase section */

/* Begin PBXSourcesBuildPhase section */
		568726FB2CA1B5E70063A864 /* Sources */ = {
			isa = PBXSourcesBuildPhase;
			buildActionMask = 2147483647;
			files = (
				5687270A2CA1B5E70063A864 /* ViewController.m in Sources */,
				568727042CA1B5E70063A864 /* AppDelegate.m in Sources */,
				568727152CA1B5E80063A864 /* main.m in Sources */,
				568727072CA1B5E70063A864 /* SceneDelegate.m in Sources */,
			);
			runOnlyForDeploymentPostprocessing = 0;
		};
		568727162CA1B5E80063A864 /* Sources */ = {
			isa = PBXSourcesBuildPhase;
			buildActionMask = 2147483647;
			files = (
				5687271F2CA1B5E80063A864 /* study_OC_WYnewsTests.m in Sources */,
			);
			runOnlyForDeploymentPostprocessing = 0;
		};
		568727202CA1B5E80063A864 /* Sources */ = {
			isa = PBXSourcesBuildPhase;
			buildActionMask = 2147483647;
			files = (
				568727292CA1B5E80063A864 /* study_OC_WYnewsUITests.m in Sources */,
				5687272B2CA1B5E80063A864 /* study_OC_WYnewsUITestsLaunchTests.m in Sources */,
			);
			runOnlyForDeploymentPostprocessing = 0;
		};
/* End PBXSourcesBuildPhase section */

/* Begin PBXTargetDependency section */
		5687271C2CA1B5E80063A864 /* PBXTargetDependency */ = {
			isa = PBXTargetDependency;
			target = 568726FE2CA1B5E70063A864 /* study-OC-WYnews */;
			targetProxy = 5687271B2CA1B5E80063A864 /* PBXContainerItemProxy */;
		};
		568727262CA1B5E80063A864 /* PBXTargetDependency */ = {
			isa = PBXTargetDependency;
			target = 568726FE2CA1B5E70063A864 /* study-OC-WYnews */;
			targetProxy = 568727252CA1B5E80063A864 /* PBXContainerItemProxy */;
		};
/* End PBXTargetDependency section */

/* Begin PBXVariantGroup section */
		5687270B2CA1B5E70063A864 /* Main.storyboard */ = {
			isa = PBXVariantGroup;
			children = (
				5687270C2CA1B5E70063A864 /* Base */,
			);
			name = Main.storyboard;
			sourceTree = "<group>";
		};
		568727102CA1B5E80063A864 /* LaunchScreen.storyboard */ = {
			isa = PBXVariantGroup;
			children = (
				568727112CA1B5E80063A864 /* Base */,
			);
			name = LaunchScreen.storyboard;
			sourceTree = "<group>";
		};
/* End PBXVariantGroup section */

/* Begin XCBuildConfiguration section */
		5687272C2CA1B5E80063A864 /* Debug */ = {
			isa = XCBuildConfiguration;
			buildSettings = {
				ALWAYS_SEARCH_USER_PATHS = NO;
				ASSETCATALOG_COMPILER_GENERATE_SWIFT_ASSET_SYMBOL_EXTENSIONS = YES;
				CLANG_ANALYZER_NONNULL = YES;
				CLANG_ANALYZER_NUMBER_OBJECT_CONVERSION = YES_AGGRESSIVE;
				CLANG_CXX_LANGUAGE_STANDARD = "gnu++20";
				CLANG_ENABLE_MODULES = YES;
				CLANG_ENABLE_OBJC_ARC = YES;
				CLANG_ENABLE_OBJC_WEAK = YES;
				CLANG_WARN_BLOCK_CAPTURE_AUTORELEASING = YES;
				CLANG_WARN_BOOL_CONVERSION = YES;
				CLANG_WARN_COMMA = YES;
				CLANG_WARN_CONSTANT_CONVERSION = YES;
				CLANG_WARN_DEPRECATED_OBJC_IMPLEMENTATIONS = YES;
				CLANG_WARN_DIRECT_OBJC_ISA_USAGE = YES_ERROR;
				CLANG_WARN_DOCUMENTATION_COMMENTS = YES;
				CLANG_WARN_EMPTY_BODY = YES;
				CLANG_WARN_ENUM_CONVERSION = YES;
				CLANG_WARN_INFINITE_RECURSION = YES;
				CLANG_WARN_INT_CONVERSION = YES;
				CLANG_WARN_NON_LITERAL_NULL_CONVERSION = YES;
				CLANG_WARN_OBJC_IMPLICIT_RETAIN_SELF = YES;
				CLANG_WARN_OBJC_LITERAL_CONVERSION = YES;
				CLANG_WARN_OBJC_ROOT_CLASS = YES_ERROR;
				CLANG_WARN_QUOTED_INCLUDE_IN_FRAMEWORK_HEADER = YES;
				CLANG_WARN_RANGE_LOOP_ANALYSIS = YES;
				CLANG_WARN_STRICT_PROTOTYPES = YES;
				CLANG_WARN_SUSPICIOUS_MOVE = YES;
				CLANG_WARN_UNGUARDED_AVAILABILITY = YES_AGGRESSIVE;
				CLANG_WARN_UNREACHABLE_CODE = YES;
				CLANG_WARN__DUPLICATE_METHOD_MATCH = YES;
				COPY_PHASE_STRIP = NO;
				DEBUG_INFORMATION_FORMAT = dwarf;
				ENABLE_STRICT_OBJC_MSGSEND = YES;
				ENABLE_TESTABILITY = YES;
				ENABLE_USER_SCRIPT_SANDBOXING = YES;
				GCC_C_LANGUAGE_STANDARD = gnu17;
				GCC_DYNAMIC_NO_PIC = NO;
				GCC_NO_COMMON_BLOCKS = YES;
				GCC_OPTIMIZATION_LEVEL = 0;
				GCC_PREPROCESSOR_DEFINITIONS = (
					"DEBUG=1",
					"$(inherited)",
				);
				GCC_WARN_64_TO_32_BIT_CONVERSION = YES;
				GCC_WARN_ABOUT_RETURN_TYPE = YES_ERROR;
				GCC_WARN_UNDECLARED_SELECTOR = YES;
				GCC_WARN_UNINITIALIZED_AUTOS = YES_AGGRESSIVE;
				GCC_WARN_UNUSED_FUNCTION = YES;
				GCC_WARN_UNUSED_VARIABLE = YES;
				IPHONEOS_DEPLOYMENT_TARGET = 17.5;
				LOCALIZATION_PREFERS_STRING_CATALOGS = YES;
				MTL_ENABLE_DEBUG_INFO = INCLUDE_SOURCE;
				MTL_FAST_MATH = YES;
				ONLY_ACTIVE_ARCH = YES;
				SDKROOT = iphoneos;
			};
			name = Debug;
		};
		5687272D2CA1B5E80063A864 /* Release */ = {
			isa = XCBuildConfiguration;
			buildSettings = {
				ALWAYS_SEARCH_USER_PATHS = NO;
				ASSETCATALOG_COMPILER_GENERATE_SWIFT_ASSET_SYMBOL_EXTENSIONS = YES;
				CLANG_ANALYZER_NONNULL = YES;
				CLANG_ANALYZER_NUMBER_OBJECT_CONVERSION = YES_AGGRESSIVE;
				CLANG_CXX_LANGUAGE_STANDARD = "gnu++20";
				CLANG_ENABLE_MODULES = YES;
				CLANG_ENABLE_OBJC_ARC = YES;
				CLANG_ENABLE_OBJC_WEAK = YES;
				CLANG_WARN_BLOCK_CAPTURE_AUTORELEASING = YES;
				CLANG_WARN_BOOL_CONVERSION = YES;
				CLANG_WARN_COMMA = YES;
				CLANG_WARN_CONSTANT_CONVERSION = YES;
				CLANG_WARN_DEPRECATED_OBJC_IMPLEMENTATIONS = YES;
				CLANG_WARN_DIRECT_OBJC_ISA_USAGE = YES_ERROR;
				CLANG_WARN_DOCUMENTATION_COMMENTS = YES;
				CLANG_WARN_EMPTY_BODY = YES;
				CLANG_WARN_ENUM_CONVERSION = YES;
				CLANG_WARN_INFINITE_RECURSION = YES;
				CLANG_WARN_INT_CONVERSION = YES;
				CLANG_WARN_NON_LITERAL_NULL_CONVERSION = YES;
				CLANG_WARN_OBJC_IMPLICIT_RETAIN_SELF = YES;
				CLANG_WARN_OBJC_LITERAL_CONVERSION = YES;
				CLANG_WARN_OBJC_ROOT_CLASS = YES_ERROR;
				CLANG_WARN_QUOTED_INCLUDE_IN_FRAMEWORK_HEADER = YES;
				CLANG_WARN_RANGE_LOOP_ANALYSIS = YES;
				CLANG_WARN_STRICT_PROTOTYPES = YES;
				CLANG_WARN_SUSPICIOUS_MOVE = YES;
				CLANG_WARN_UNGUARDED_AVAILABILITY = YES_AGGRESSIVE;
				CLANG_WARN_UNREACHABLE_CODE = YES;
				CLANG_WARN__DUPLICATE_METHOD_MATCH = YES;
				COPY_PHASE_STRIP = NO;
				DEBUG_INFORMATION_FORMAT = "dwarf-with-dsym";
				ENABLE_NS_ASSERTIONS = NO;
				ENABLE_STRICT_OBJC_MSGSEND = YES;
				ENABLE_USER_SCRIPT_SANDBOXING = YES;
				GCC_C_LANGUAGE_STANDARD = gnu17;
				GCC_NO_COMMON_BLOCKS = YES;
				GCC_WARN_64_TO_32_BIT_CONVERSION = YES;
				GCC_WARN_ABOUT_RETURN_TYPE = YES_ERROR;
				GCC_WARN_UNDECLARED_SELECTOR = YES;
				GCC_WARN_UNINITIALIZED_AUTOS = YES_AGGRESSIVE;
				GCC_WARN_UNUSED_FUNCTION = YES;
				GCC_WARN_UNUSED_VARIABLE = YES;
				IPHONEOS_DEPLOYMENT_TARGET = 17.5;
				LOCALIZATION_PREFERS_STRING_CATALOGS = YES;
				MTL_ENABLE_DEBUG_INFO = NO;
				MTL_FAST_MATH = YES;
				SDKROOT = iphoneos;
				VALIDATE_PRODUCT = YES;
			};
			name = Release;
		};
		5687272F2CA1B5E80063A864 /* Debug */ = {
			isa = XCBuildConfiguration;
			buildSettings = {
				ASSETCATALOG_COMPILER_APPICON_NAME = AppIcon;
				ASSETCATALOG_COMPILER_GLOBAL_ACCENT_COLOR_NAME = AccentColor;
				CODE_SIGN_STYLE = Automatic;
				CURRENT_PROJECT_VERSION = 1;
				GENERATE_INFOPLIST_FILE = YES;
				INFOPLIST_FILE = "study-OC-WYnews/Info.plist";
				INFOPLIST_KEY_UIApplicationSupportsIndirectInputEvents = YES;
				INFOPLIST_KEY_UILaunchStoryboardName = LaunchScreen;
				INFOPLIST_KEY_UIMainStoryboardFile = Main;
				INFOPLIST_KEY_UISupportedInterfaceOrientations_iPad = "UIInterfaceOrientationPortrait UIInterfaceOrientationPortraitUpsideDown UIInterfaceOrientationLandscapeLeft UIInterfaceOrientationLandscapeRight";
				INFOPLIST_KEY_UISupportedInterfaceOrientations_iPhone = "UIInterfaceOrientationPortrait UIInterfaceOrientationLandscapeLeft UIInterfaceOrientationLandscapeRight";
				LD_RUNPATH_SEARCH_PATHS = (
					"$(inherited)",
					"@executable_path/Frameworks",
				);
				MARKETING_VERSION = 1.0;
				PRODUCT_BUNDLE_IDENTIFIER = "com.swan.study-OC-WYnews";
				PRODUCT_NAME = "$(TARGET_NAME)";
				SWIFT_EMIT_LOC_STRINGS = YES;
				TARGETED_DEVICE_FAMILY = "1,2";
			};
			name = Debug;
		};
		568727302CA1B5E80063A864 /* Release */ = {
			isa = XCBuildConfiguration;
			buildSettings = {
				ASSETCATALOG_COMPILER_APPICON_NAME = AppIcon;
				ASSETCATALOG_COMPILER_GLOBAL_ACCENT_COLOR_NAME = AccentColor;
				CODE_SIGN_STYLE = Automatic;
				CURRENT_PROJECT_VERSION = 1;
				GENERATE_INFOPLIST_FILE = YES;
				INFOPLIST_FILE = "study-OC-WYnews/Info.plist";
				INFOPLIST_KEY_UIApplicationSupportsIndirectInputEvents = YES;
				INFOPLIST_KEY_UILaunchStoryboardName = LaunchScreen;
				INFOPLIST_KEY_UIMainStoryboardFile = Main;
				INFOPLIST_KEY_UISupportedInterfaceOrientations_iPad = "UIInterfaceOrientationPortrait UIInterfaceOrientationPortraitUpsideDown UIInterfaceOrientationLandscapeLeft UIInterfaceOrientationLandscapeRight";
				INFOPLIST_KEY_UISupportedInterfaceOrientations_iPhone = "UIInterfaceOrientationPortrait UIInterfaceOrientationLandscapeLeft UIInterfaceOrientationLandscapeRight";
				LD_RUNPATH_SEARCH_PATHS = (
					"$(inherited)",
					"@executable_path/Frameworks",
				);
				MARKETING_VERSION = 1.0;
				PRODUCT_BUNDLE_IDENTIFIER = "com.swan.study-OC-WYnews";
				PRODUCT_NAME = "$(TARGET_NAME)";
				SWIFT_EMIT_LOC_STRINGS = YES;
				TARGETED_DEVICE_FAMILY = "1,2";
			};
			name = Release;
		};
		568727322CA1B5E80063A864 /* Debug */ = {
			isa = XCBuildConfiguration;
			buildSettings = {
				BUNDLE_LOADER = "$(TEST_HOST)";
				CODE_SIGN_STYLE = Automatic;
				CURRENT_PROJECT_VERSION = 1;
				GENERATE_INFOPLIST_FILE = YES;
				IPHONEOS_DEPLOYMENT_TARGET = 17.5;
				MARKETING_VERSION = 1.0;
				PRODUCT_BUNDLE_IDENTIFIER = "com.swan.study-OC-WYnewsTests";
				PRODUCT_NAME = "$(TARGET_NAME)";
				SWIFT_EMIT_LOC_STRINGS = NO;
				TARGETED_DEVICE_FAMILY = "1,2";
				TEST_HOST = "$(BUILT_PRODUCTS_DIR)/study-OC-WYnews.app/$(BUNDLE_EXECUTABLE_FOLDER_PATH)/study-OC-WYnews";
			};
			name = Debug;
		};
		568727332CA1B5E80063A864 /* Release */ = {
			isa = XCBuildConfiguration;
			buildSettings = {
				BUNDLE_LOADER = "$(TEST_HOST)";
				CODE_SIGN_STYLE = Automatic;
				CURRENT_PROJECT_VERSION = 1;
				GENERATE_INFOPLIST_FILE = YES;
				IPHONEOS_DEPLOYMENT_TARGET = 17.5;
				MARKETING_VERSION = 1.0;
				PRODUCT_BUNDLE_IDENTIFIER = "com.swan.study-OC-WYnewsTests";
				PRODUCT_NAME = "$(TARGET_NAME)";
				SWIFT_EMIT_LOC_STRINGS = NO;
				TARGETED_DEVICE_FAMILY = "1,2";
				TEST_HOST = "$(BUILT_PRODUCTS_DIR)/study-OC-WYnews.app/$(BUNDLE_EXECUTABLE_FOLDER_PATH)/study-OC-WYnews";
			};
			name = Release;
		};
		568727352CA1B5E80063A864 /* Debug */ = {
			isa = XCBuildConfiguration;
			buildSettings = {
				CODE_SIGN_STYLE = Automatic;
				CURRENT_PROJECT_VERSION = 1;
				GENERATE_INFOPLIST_FILE = YES;
				MARKETING_VERSION = 1.0;
				PRODUCT_BUNDLE_IDENTIFIER = "com.swan.study-OC-WYnewsUITests";
				PRODUCT_NAME = "$(TARGET_NAME)";
				SWIFT_EMIT_LOC_STRINGS = NO;
				TARGETED_DEVICE_FAMILY = "1,2";
				TEST_TARGET_NAME = "study-OC-WYnews";
			};
			name = Debug;
		};
		568727362CA1B5E80063A864 /* Release */ = {
			isa = XCBuildConfiguration;
			buildSettings = {
				CODE_SIGN_STYLE = Automatic;
				CURRENT_PROJECT_VERSION = 1;
				GENERATE_INFOPLIST_FILE = YES;
				MARKETING_VERSION = 1.0;
				PRODUCT_BUNDLE_IDENTIFIER = "com.swan.study-OC-WYnewsUITests";
				PRODUCT_NAME = "$(TARGET_NAME)";
				SWIFT_EMIT_LOC_STRINGS = NO;
				TARGETED_DEVICE_FAMILY = "1,2";
				TEST_TARGET_NAME = "study-OC-WYnews";
			};
			name = Release;
		};
/* End XCBuildConfiguration section */

/* Begin XCConfigurationList section */
		568726FA2CA1B5E70063A864 /* Build configuration list for PBXProject "study-OC-WYnews" */ = {
			isa = XCConfigurationList;
			buildConfigurations = (
				5687272C2CA1B5E80063A864 /* Debug */,
				5687272D2CA1B5E80063A864 /* Release */,
			);
			defaultConfigurationIsVisible = 0;
			defaultConfigurationName = Release;
		};
		5687272E2CA1B5E80063A864 /* Build configuration list for PBXNativeTarget "study-OC-WYnews" */ = {
			isa = XCConfigurationList;
			buildConfigurations = (
				5687272F2CA1B5E80063A864 /* Debug */,
				568727302CA1B5E80063A864 /* Release */,
			);
			defaultConfigurationIsVisible = 0;
			defaultConfigurationName = Release;
		};
		568727312CA1B5E80063A864 /* Build configuration list for PBXNativeTarget "study-OC-WYnewsTests" */ = {
			isa = XCConfigurationList;
			buildConfigurations = (
				568727322CA1B5E80063A864 /* Debug */,
				568727332CA1B5E80063A864 /* Release */,
			);
			defaultConfigurationIsVisible = 0;
			defaultConfigurationName = Release;
		};
		568727342CA1B5E80063A864 /* Build configuration list for PBXNativeTarget "study-OC-WYnewsUITests" */ = {
			isa = XCConfigurationList;
			buildConfigurations = (
				568727352CA1B5E80063A864 /* Debug */,
				568727362CA1B5E80063A864 /* Release */,
			);
			defaultConfigurationIsVisible = 0;
			defaultConfigurationName = Release;
		};
/* End XCConfigurationList section */
	};
	rootObject = 568726F72CA1B5E70063A864 /* Project object */;
}
